
Microsoft Visual Studio Solution File, Format Version 12.00
# Visual Studio Version 16
VisualStudioVersion = 16.0.30804.86
MinimumVisualStudioVersion = 10.0.40219.1
Project("{FAE04EC0-301F-11D3-BF4B-00C04F79EFBC}") = "ConditionStatements", "ConditionStatements\ConditionStatements.csproj", "{6DBD93D9-63AA-4E15-AE06-E218F6FD23A7}"
EndProject
Global
	GlobalSection(SolutionConfigurationPlatforms) = preSolution
		Debug|Any CPU = Debug|Any CPU
		Release|Any CPU = Release|Any CPU
	EndGlobalSection
	GlobalSection(ProjectConfigurationPlatforms) = postSolution
		{6DBD93D9-63AA-4E15-AE06-E218F6FD23A7}.Debug|Any CPU.ActiveCfg = Debug|Any CPU
		{6DBD93D9-63AA-4E15-AE06-E218F6FD23A7}.Debug|Any CPU.Build.0 = Debug|Any CPU
		{6DBD93D9-63AA-4E15-AE06-E218F6FD23A7}.Release|Any CPU.ActiveCfg = Release|Any CPU
		{6DBD93D9-63AA-4E15-AE06-E218F6FD23A7}.Release|Any CPU.Build.0 = Release|Any CPU
	EndGlobalSection
	GlobalSection(SolutionProperties) = preSolution
		HideSolutionNode = FALSE
	EndGlobalSection
	GlobalSection(ExtensibilityGlobals) = postSolution
		SolutionGuid = {E96D04FD-CCA0-41FE-9C33-FA36A939B586}
	EndGlobalSection
EndGlobal
