
Microsoft Visual Studio Solution File, Format Version 12.00
# Visual Studio Version 16
VisualStudioVersion = 16.0.30804.86
MinimumVisualStudioVersion = 10.0.40219.1
Project("{FAE04EC0-301F-11D3-BF4B-00C04F79EFBC}") = "InputOutputMath", "InputOutputMath\InputOutputMath.csproj", "{27FEAA05-3487-40D7-96FB-1D1E329744E5}"
EndProject
Global
	GlobalSection(SolutionConfigurationPlatforms) = preSolution
		Debug|Any CPU = Debug|Any CPU
		Release|Any CPU = Release|Any CPU
	EndGlobalSection
	GlobalSection(ProjectConfigurationPlatforms) = postSolution
		{27FEAA05-3487-40D7-96FB-1D1E329744E5}.Debug|Any CPU.ActiveCfg = Debug|Any CPU
		{27FEAA05-3487-40D7-96FB-1D1E329744E5}.Debug|Any CPU.Build.0 = Debug|Any CPU
		{27FEAA05-3487-40D7-96FB-1D1E329744E5}.Release|Any CPU.ActiveCfg = Release|Any CPU
		{27FEAA05-3487-40D7-96FB-1D1E329744E5}.Release|Any CPU.Build.0 = Release|Any CPU
	EndGlobalSection
	GlobalSection(SolutionProperties) = preSolution
		HideSolutionNode = FALSE
	EndGlobalSection
	GlobalSection(ExtensibilityGlobals) = postSolution
		SolutionGuid = {2BD6A600-D9B7-4784-9D04-A70D80D8A390}
	EndGlobalSection
EndGlobal
